<?xml version="1.0" encoding="utf-8"?>
<Project ToolsVersion="4.0" xmlns="http://schemas.microsoft.com/developer/msbuild/2003">
  <ItemGroup>
    <Filter Include="Configuration Files">
      <UniqueIdentifier>{118449e2-9270-493b-ae09-ca0b90149a4e}</UniqueIdentifier>
      <Extensions>*.txt</Extensions>
    </Filter>
    <Filter Include="Header Files">
      <UniqueIdentifier>{e5315880-2f36-4a0d-a09b-6ec8f4d3a00c}</UniqueIdentifier>
      <Extensions>h;hpp;hxx;hm;inl;fi;fd</Extensions>
    </Filter>
    <Filter Include="Libraries">
      <UniqueIdentifier>{3fb785cd-aa18-4651-9e04-4bf36049ea94}</UniqueIdentifier>
    </Filter>
    <Filter Include="Resource Files">
      <UniqueIdentifier>{440c7105-1217-4df5-811f-058f4f181482}</UniqueIdentifier>
      <Extensions>ico;cur;bmp;dlg;rc2;rct;bin;cnt;rtf;gif;jpg;jpeg;jpe</Extensions>
    </Filter>
    <Filter Include="Source Files">
      <UniqueIdentifier>{def9c9b8-a37e-467f-bea7-c8c58a6618c6}</UniqueIdentifier>
      <Extensions>cpp;c;cxx;rc;def;r;odl;hpj;bat;for;f90</Extensions>
    </Filter>
  </ItemGroup>
  <ItemGroup>
    <ClCompile Include="g_main.c">
      <Filter>Source Files</Filter>
    </ClCompile>
    <ClCompile Include="md4.c">
      <Filter>Source Files</Filter>
    </ClCompile>
    <ClCompile Include="regex.c">
      <Filter>Source Files</Filter>
    </ClCompile>
    <ClCompile Include="zb_ban.c">
      <Filter>Source Files</Filter>
    </ClCompile>
    <ClCompile Include="zb_checkvar.c">
      <Filter>Source Files</Filter>
    </ClCompile>
    <ClCompile Include="zb_clib.c">
      <Filter>Source Files</Filter>
    </ClCompile>
    <ClCompile Include="zb_cmd.c">
      <Filter>Source Files</Filter>
    </ClCompile>
    <ClCompile Include="zb_disable.c">
      <Filter>Source Files</Filter>
    </ClCompile>
    <ClCompile Include="zb_flood.c">
      <Filter>Source Files</Filter>
    </ClCompile>
    <ClCompile Include="zb_init.c">
      <Filter>Source Files</Filter>
    </ClCompile>
    <ClCompile Include="zb_log.c">
      <Filter>Source Files</Filter>
    </ClCompile>
    <ClCompile Include="zb_lrcon.c">
      <Filter>Source Files</Filter>
    </ClCompile>
    <ClCompile Include="zb_msgqueue.c">
      <Filter>Source Files</Filter>
    </ClCompile>
    <ClCompile Include="zb_spawn.c">
      <Filter>Source Files</Filter>
    </ClCompile>
    <ClCompile Include="zb_util.c">
      <Filter>Source Files</Filter>
    </ClCompile>
    <ClCompile Include="zb_vote.c">
      <Filter>Source Files</Filter>
    </ClCompile>
    <ClCompile Include="zb_zbot.c">
      <Filter>Source Files</Filter>
    </ClCompile>
    <ClCompile Include="zb_zbotcheck.c">
      <Filter>Source Files</Filter>
    </ClCompile>
  </ItemGroup>
  <ItemGroup>
    <ClInclude Include="game.h">
      <Filter>Header Files</Filter>
    </ClInclude>
    <ClInclude Include="g_local.h">
      <Filter>Header Files</Filter>
    </ClInclude>
    <ClInclude Include="q_shared.h">
      <Filter>Header Files</Filter>
    </ClInclude>
    <ClInclude Include="regex.h">
      <Filter>Header Files</Filter>
    </ClInclude>
  </ItemGroup>
  <ItemGroup>
    <CustomBuild Include="q2admin.txt">
      <Filter>Configuration Files</Filter>
    </CustomBuild>
    <CustomBuild Include="q2adminban.txt">
      <Filter>Configuration Files</Filter>
    </CustomBuild>
    <CustomBuild Include="q2admincheckvar.txt">
      <Filter>Configuration Files</Filter>
    </CustomBuild>
    <CustomBuild Include="q2adminflood.txt">
      <Filter>Configuration Files</Filter>
    </CustomBuild>
    <CustomBuild Include="q2adminlog.txt">
      <Filter>Configuration Files</Filter>
    </CustomBuild>
    <CustomBuild Include="q2adminlrcon.txt">
      <Filter>Configuration Files</Filter>
    </CustomBuild>
    <CustomBuild Include="q2adminspawn.txt">
      <Filter>Configuration Files</Filter>
    </CustomBuild>
    <CustomBuild Include="q2adminvote.txt">
      <Filter>Configuration Files</Filter>
    </CustomBuild>
    <CustomBuild Include="readme.txt">
      <Filter>Configuration Files</Filter>
    </CustomBuild>
    <CustomBuild Include="q2admin.def">
      <Filter>Resource Files</Filter>
    </CustomBuild>
  </ItemGroup>
  <ItemGroup>
    <None Include="GNUmakefile" />
    <None Include="BSDmakefile" />
  </ItemGroup>
</Project>