
Microsoft Visual Studio Solution File, Format Version 11.00
# Visual Studio 2010
Project("{8BC9CEB8-8B4A-11D0-8D11-00A0C91BC942}") = "q2admin.vs2010", "q2admin.vs2010.vcxproj", "{586D988F-052A-0FC6-4AA4-663C56FD3227}"
EndProject
Global
	GlobalSection(SolutionConfigurationPlatforms) = preSolution
		Debug|Win32 = Debug|Win32
		Release|Win32 = Release|Win32
	EndGlobalSection
	GlobalSection(ProjectConfigurationPlatforms) = postSolution
		{586D988F-052A-0FC6-4AA4-663C56FD3227}.Debug|Win32.ActiveCfg = Debug|Win32
		{586D988F-052A-0FC6-4AA4-663C56FD3227}.Debug|Win32.Build.0 = Debug|Win32
		{586D988F-052A-0FC6-4AA4-663C56FD3227}.Release|Win32.ActiveCfg = Release|Win32
		{586D988F-052A-0FC6-4AA4-663C56FD3227}.Release|Win32.Build.0 = Release|Win32
	EndGlobalSection
	GlobalSection(SolutionProperties) = preSolution
		HideSolutionNode = FALSE
	EndGlobalSection
EndGlobal
